<?xml version="1.0" encoding="utf-8"?>
<Project ToolsVersion="4.0" xmlns="http://schemas.microsoft.com/developer/msbuild/2003">
  <ItemGroup>
    <Filter Include="Source Files">
      <UniqueIdentifier>{4FC737F1-C7A5-4376-A066-2A32D752A2FF}</UniqueIdentifier>
      <Extensions>cpp;c;cc;cxx;def;odl;idl;hpj;bat;asm;asmx</Extensions>
    </Filter>
    <Filter Include="Header Files">
      <UniqueIdentifier>{93995380-89BD-4b04-88EB-625FBE52EBFB}</UniqueIdentifier>
      <Extensions>h;hpp;hxx;hm;inl;inc;xsd</Extensions>
    </Filter>
    <Filter Include="Resource Files">
      <UniqueIdentifier>{67DA6AB6-F800-4c08-8B7A-83BB121AAD01}</UniqueIdentifier>
      <Extensions>rc;ico;cur;bmp;dlg;rc2;rct;bin;rgs;gif;jpg;jpeg;jpe;resx;tiff;tif;png;wav;mfcribbon-ms</Extensions>
    </Filter>
    <Filter Include="SpaceIndex">
      <UniqueIdentifier>{1812ecba-ad11-43c9-9943-24794c0b8a83}</UniqueIdentifier>
    </Filter>
    <Filter Include="SpaceIndex\mtltmp">
      <UniqueIdentifier>{99458173-faa8-4e45-b155-3ae008301376}</UniqueIdentifier>
    </Filter>
  </ItemGroup>
  <ItemGroup>
    <ClInclude Include="MTLTMP.h">
      <Filter>Header Files</Filter>
    </ClInclude>
    <ClInclude Include="spaceIndex\mtltmp\mcBaseDef.h">
      <Filter>SpaceIndex\mtltmp</Filter>
    </ClInclude>
    <ClInclude Include="spaceIndex\mtltmp\mcFuncDef.h">
      <Filter>SpaceIndex\mtltmp</Filter>
    </ClInclude>
    <ClInclude Include="spaceIndex\mtltmp\mcGeoc.h">
      <Filter>SpaceIndex\mtltmp</Filter>
    </ClInclude>
    <ClInclude Include="spaceIndex\mtltmp\mcPackList.h">
      <Filter>SpaceIndex\mtltmp</Filter>
    </ClInclude>
    <ClInclude Include="spaceIndex\mtltmp\mcRTree.h">
      <Filter>SpaceIndex\mtltmp</Filter>
    </ClInclude>
    <ClInclude Include="spaceIndex\mtltmp\mcSort.h">
      <Filter>SpaceIndex\mtltmp</Filter>
    </ClInclude>
    <ClInclude Include="spaceIndex\recode.h">
      <Filter>SpaceIndex</Filter>
    </ClInclude>
    <ClInclude Include="SpaceCode.h">
      <Filter>Header Files</Filter>
    </ClInclude>
  </ItemGroup>
  <ItemGroup>
    <ClCompile Include="MTLTMP.cpp">
      <Filter>Source Files</Filter>
    </ClCompile>
    <ClCompile Include="SpaceCode.cpp">
      <Filter>Source Files</Filter>
    </ClCompile>
  </ItemGroup>
  <ItemGroup>
    <None Include="ReadMe.txt" />
    <None Include="app.ico">
      <Filter>Resource Files</Filter>
    </None>
  </ItemGroup>
  <ItemGroup>
    <ResourceCompile Include="app.rc">
      <Filter>Resource Files</Filter>
    </ResourceCompile>
  </ItemGroup>
</Project>