
Microsoft Visual Studio Solution File, Format Version 11.00
# Visual Studio 2010
Project("{8BC9CEB8-8B4A-11D0-8D11-00A0C91BC942}") = "MTLTMP", "MTLTMP\MTLTMP.vcxproj", "{1C401B50-6345-4E95-89A9-E3C61247EBBF}"
EndProject
Project("{8BC9CEB8-8B4A-11D0-8D11-00A0C91BC942}") = "libte", "libte\libte.vcxproj", "{4DF35E2E-9B68-4552-B86D-4EDE509A4EE0}"
EndProject
Global
	GlobalSection(SolutionConfigurationPlatforms) = preSolution
		Debug|Win32 = Debug|Win32
		Release|Win32 = Release|Win32
	EndGlobalSection
	GlobalSection(ProjectConfigurationPlatforms) = postSolution
		{1C401B50-6345-4E95-89A9-E3C61247EBBF}.Debug|Win32.ActiveCfg = Debug|Win32
		{1C401B50-6345-4E95-89A9-E3C61247EBBF}.Debug|Win32.Build.0 = Debug|Win32
		{1C401B50-6345-4E95-89A9-E3C61247EBBF}.Release|Win32.ActiveCfg = Release|Win32
		{1C401B50-6345-4E95-89A9-E3C61247EBBF}.Release|Win32.Build.0 = Release|Win32
		{4DF35E2E-9B68-4552-B86D-4EDE509A4EE0}.Debug|Win32.ActiveCfg = Debug|Win32
		{4DF35E2E-9B68-4552-B86D-4EDE509A4EE0}.Debug|Win32.Build.0 = Debug|Win32
		{4DF35E2E-9B68-4552-B86D-4EDE509A4EE0}.Release|Win32.ActiveCfg = Release|Win32
		{4DF35E2E-9B68-4552-B86D-4EDE509A4EE0}.Release|Win32.Build.0 = Release|Win32
	EndGlobalSection
	GlobalSection(SolutionProperties) = preSolution
		HideSolutionNode = FALSE
	EndGlobalSection
EndGlobal
